
Microsoft Visual Studio Solution File, Format Version 12.00
# Visual Studio Version 16
VisualStudioVersion = 16.0.29324.140
MinimumVisualStudioVersion = 10.0.40219.1
Project("{FAE04EC0-301F-11D3-BF4B-00C04F79EFBC}") = "Zadacha1", "..\source\repos\Zadacha1\Zadacha1\Zadacha1.csproj", "{6A4E937E-0995-466D-AD95-43428E43D165}"
EndProject
Project("{FAE04EC0-301F-11D3-BF4B-00C04F79EFBC}") = "Zadacha2", "..\source\repos\Zadacha1\Zadacha2\Zadacha2.csproj", "{DA4DF641-1709-40C7-A1C7-2BDC7614259E}"
EndProject
Project("{FAE04EC0-301F-11D3-BF4B-00C04F79EFBC}") = "Zadacha3", "..\source\repos\Zadacha1\Zadacha3\Zadacha3.csproj", "{0C9C1838-C162-4AAA-9CE3-8585FB57598C}"
EndProject
Global
	GlobalSection(SolutionConfigurationPlatforms) = preSolution
		Debug|Any CPU = Debug|Any CPU
		Release|Any CPU = Release|Any CPU
	EndGlobalSection
	GlobalSection(ProjectConfigurationPlatforms) = postSolution
		{6A4E937E-0995-466D-AD95-43428E43D165}.Debug|Any CPU.ActiveCfg = Debug|Any CPU
		{6A4E937E-0995-466D-AD95-43428E43D165}.Debug|Any CPU.Build.0 = Debug|Any CPU
		{6A4E937E-0995-466D-AD95-43428E43D165}.Release|Any CPU.ActiveCfg = Release|Any CPU
		{6A4E937E-0995-466D-AD95-43428E43D165}.Release|Any CPU.Build.0 = Release|Any CPU
		{DA4DF641-1709-40C7-A1C7-2BDC7614259E}.Debug|Any CPU.ActiveCfg = Debug|Any CPU
		{DA4DF641-1709-40C7-A1C7-2BDC7614259E}.Debug|Any CPU.Build.0 = Debug|Any CPU
		{DA4DF641-1709-40C7-A1C7-2BDC7614259E}.Release|Any CPU.ActiveCfg = Release|Any CPU
		{DA4DF641-1709-40C7-A1C7-2BDC7614259E}.Release|Any CPU.Build.0 = Release|Any CPU
		{0C9C1838-C162-4AAA-9CE3-8585FB57598C}.Debug|Any CPU.ActiveCfg = Debug|Any CPU
		{0C9C1838-C162-4AAA-9CE3-8585FB57598C}.Debug|Any CPU.Build.0 = Debug|Any CPU
		{0C9C1838-C162-4AAA-9CE3-8585FB57598C}.Release|Any CPU.ActiveCfg = Release|Any CPU
		{0C9C1838-C162-4AAA-9CE3-8585FB57598C}.Release|Any CPU.Build.0 = Release|Any CPU
	EndGlobalSection
	GlobalSection(SolutionProperties) = preSolution
		HideSolutionNode = FALSE
	EndGlobalSection
	GlobalSection(ExtensibilityGlobals) = postSolution
		SolutionGuid = {75CD8D58-F144-49B4-AA44-A93E68975B41}
	EndGlobalSection
EndGlobal
